
Microsoft Visual Studio Solution File, Format Version 12.00
# Visual Studio Version 16
VisualStudioVersion = 16.0.31702.278
MinimumVisualStudioVersion = 10.0.40219.1
Project("{FAE04EC0-301F-11D3-BF4B-00C04F79EFBC}") = "ElephantBooking", "ElephantBooking.csproj", "{BFB7B62F-540C-4ADD-AA52-C9D232CC29A8}"
EndProject
Global
	GlobalSection(SolutionConfigurationPlatforms) = preSolution
		Debug|Any CPU = Debug|Any CPU
		Release|Any CPU = Release|Any CPU
	EndGlobalSection
	GlobalSection(ProjectConfigurationPlatforms) = postSolution
		{BFB7B62F-540C-4ADD-AA52-C9D232CC29A8}.Debug|Any CPU.ActiveCfg = Debug|Any CPU
		{BFB7B62F-540C-4ADD-AA52-C9D232CC29A8}.Debug|Any CPU.Build.0 = Debug|Any CPU
		{BFB7B62F-540C-4ADD-AA52-C9D232CC29A8}.Release|Any CPU.ActiveCfg = Release|Any CPU
		{BFB7B62F-540C-4ADD-AA52-C9D232CC29A8}.Release|Any CPU.Build.0 = Release|Any CPU
	EndGlobalSection
	GlobalSection(SolutionProperties) = preSolution
		HideSolutionNode = FALSE
	EndGlobalSection
	GlobalSection(ExtensibilityGlobals) = postSolution
		SolutionGuid = {333D8514-02F6-4BE1-9DC5-9A9D66A3DDC3}
	EndGlobalSection
EndGlobal
